
Microsoft Visual Studio Solution File, Format Version 12.00
# Visual Studio Version 17
VisualStudioVersion = 17.9.34728.123
MinimumVisualStudioVersion = 10.0.40219.1
Project("{C9674DCB-5085-4A16-B785-4C70DD1589BD}") = "Marketing_Analytic_SSIS", "Marketing_Analytic_SSIS\Marketing_Analytic_SSIS.dtproj", "{56DD6827-B9B3-436B-BDE0-5C863A12A031}"
EndProject
Global
	GlobalSection(SolutionConfigurationPlatforms) = preSolution
		Development|Default = Development|Default
	EndGlobalSection
	GlobalSection(ProjectConfigurationPlatforms) = postSolution
		{56DD6827-B9B3-436B-BDE0-5C863A12A031}.Development|Default.ActiveCfg = Development
		{56DD6827-B9B3-436B-BDE0-5C863A12A031}.Development|Default.Build.0 = Development
	EndGlobalSection
	GlobalSection(SolutionProperties) = preSolution
		HideSolutionNode = FALSE
	EndGlobalSection
	GlobalSection(ExtensibilityGlobals) = postSolution
		SolutionGuid = {FEA1AC9D-736D-4DDE-BC75-2C8F195C2910}
	EndGlobalSection
EndGlobal
